// !$*UTF8*$!
{
	archiveVersion = 1;
	classes = {
	};
	objectVersion = 50;
	objects = {

/* Begin PBXBuildFile section */
		DBE2D49426AFD6EF00A6B318 /* AppDelegate.swift in Sources */ = {isa = PBXBuildFile; fileRef = DBE2D49326AFD6EF00A6B318 /* AppDelegate.swift */; };
		DBE2D49626AFD6EF00A6B318 /* SceneDelegate.swift in Sources */ = {isa = PBXBuildFile; fileRef = DBE2D49526AFD6EF00A6B318 /* SceneDelegate.swift */; };
		DBE2D49826AFD6EF00A6B318 /* ViewController.swift in Sources */ = {isa = PBXBuildFile; fileRef = DBE2D49726AFD6EF00A6B318 /* ViewController.swift */; };
		DBE2D49B26AFD6EF00A6B318 /* Main.storyboard in Resources */ = {isa = PBXBuildFile; fileRef = DBE2D49926AFD6EF00A6B318 /* Main.storyboard */; };
		DBE2D49D26AFD6EF00A6B318 /* Assets.xcassets in Resources */ = {isa = PBXBuildFile; fileRef = DBE2D49C26AFD6EF00A6B318 /* Assets.xcassets */; };
		DBE2D4A026AFD6EF00A6B318 /* LaunchScreen.storyboard in Resources */ = {isa = PBXBuildFile; fileRef = DBE2D49E26AFD6EF00A6B318 /* LaunchScreen.storyboard */; };
/* End PBXBuildFile section */

/* Begin PBXFileReference section */
		DBE2D49026AFD6EF00A6B318 /* swiftjoys.app */ = {isa = PBXFileReference; explicitFileType = wrapper.application; includeInIndex = 0; path = swiftjoys.app; sourceTree = BUILT_PRODUCTS_DIR; };
		DBE2D49326AFD6EF00A6B318 /* AppDelegate.swift */ = {isa = PBXFileReference; lastKnownFileType = sourcecode.swift; path = AppDelegate.swift; sourceTree = "<group>"; };
		DBE2D49526AFD6EF00A6B318 /* SceneDelegate.swift */ = {isa = PBXFileReference; lastKnownFileType = sourcecode.swift; path = SceneDelegate.swift; sourceTree = "<group>"; };
		DBE2D49726AFD6EF00A6B318 /* ViewController.swift */ = {isa = PBXFileReference; lastKnownFileType = sourcecode.swift; path = ViewController.swift; sourceTree = "<group>"; };
		DBE2D49A26AFD6EF00A6B318 /* Base */ = {isa = PBXFileReference; lastKnownFileType = file.storyboard; name = Base; path = Base.lproj/Main.storyboard; sourceTree = "<group>"; };
		DBE2D49C26AFD6EF00A6B318 /* Assets.xcassets */ = {isa = PBXFileReference; lastKnownFileType = folder.assetcatalog; path = Assets.xcassets; sourceTree = "<group>"; };
		DBE2D49F26AFD6EF00A6B318 /* Base */ = {isa = PBXFileReference; lastKnownFileType = file.storyboard; name = Base; path = Base.lproj/LaunchScreen.storyboard; sourceTree = "<group>"; };
		DBE2D4A126AFD6EF00A6B318 /* Info.plist */ = {isa = PBXFileReference; lastKnownFileType = text.plist.xml; path = Info.plist; sourceTree = "<group>"; };
/* End PBXFileReference section */

/* Begin PBXFrameworksBuildPhase section */
		DBE2D48D26AFD6EF00A6B318 /* Frameworks */ = {
			isa = PBXFrameworksBuildPhase;
			buildActionMask = 2147483647;
			files = (
			);
			runOnlyForDeploymentPostprocessing = 0;
		};
/* End PBXFrameworksBuildPhase section */

/* Begin PBXGroup section */
		DBE2D48726AFD6EF00A6B318 = {
			isa = PBXGroup;
			children = (
				DBE2D49226AFD6EF00A6B318 /* swiftjoys */,
				DBE2D49126AFD6EF00A6B318 /* Products */,
			);
			sourceTree = "<group>";
		};
		DBE2D49126AFD6EF00A6B318 /* Products */ = {
			isa = PBXGroup;
			children = (
				DBE2D49026AFD6EF00A6B318 /* swiftjoys.app */,
			);
			name = Products;
			sourceTree = "<group>";
		};
		DBE2D49226AFD6EF00A6B318 /* swiftjoys */ = {
			isa = PBXGroup;
			children = (
				DBE2D49326AFD6EF00A6B318 /* AppDelegate.swift */,
				DBE2D49526AFD6EF00A6B318 /* SceneDelegate.swift */,
				DBE2D49726AFD6EF00A6B318 /* ViewController.swift */,
				DBE2D49926AFD6EF00A6B318 /* Main.storyboard */,
				DBE2D49C26AFD6EF00A6B318 /* Assets.xcassets */,
				DBE2D49E26AFD6EF00A6B318 /* LaunchScreen.storyboard */,
				DBE2D4A126AFD6EF00A6B318 /* Info.plist */,
			);
			path = swiftjoys;
			sourceTree = "<group>";
		};
/* End PBXGroup section */

/* Begin PBXNativeTarget section */
		DBE2D48F26AFD6EF00A6B318 /* swiftjoys */ = {
			isa = PBXNativeTarget;
			buildConfigurationList = DBE2D4A426AFD6EF00A6B318 /* Build configuration list for PBXNativeTarget "swiftjoys" */;
			buildPhases = (
				DBE2D48C26AFD6EF00A6B318 /* Sources */,
				DBE2D48D26AFD6EF00A6B318 /* Frameworks */,
				DBE2D48E26AFD6EF00A6B318 /* Resources */,
			);
			buildRules = (
			);
			dependencies = (
			);
			name = swiftjoys;
			productName = swiftjoys;
			productReference = DBE2D49026AFD6EF00A6B318 /* swiftjoys.app */;
			productType = "com.apple.product-type.application";
		};
/* End PBXNativeTarget section */

/* Begin PBXProject section */
		DBE2D48826AFD6EF00A6B318 /* Project object */ = {
			isa = PBXProject;
			attributes = {
				LastSwiftUpdateCheck = 1250;
				LastUpgradeCheck = 1250;
				TargetAttributes = {
					DBE2D48F26AFD6EF00A6B318 = {
						CreatedOnToolsVersion = 12.5.1;
					};
				};
			};
			buildConfigurationList = DBE2D48B26AFD6EF00A6B318 /* Build configuration list for PBXProject "swiftjoys" */;
			compatibilityVersion = "Xcode 9.3";
			developmentRegion = en;
			hasScannedForEncodings = 0;
			knownRegions = (
				en,
				Base,
			);
			mainGroup = DBE2D48726AFD6EF00A6B318;
			productRefGroup = DBE2D49126AFD6EF00A6B318 /* Products */;
			projectDirPath = "";
			projectRoot = "";
			targets = (
				DBE2D48F26AFD6EF00A6B318 /* swiftjoys */,
			);
		};
/* End PBXProject section */

/* Begin PBXResourcesBuildPhase section */
		DBE2D48E26AFD6EF00A6B318 /* Resources */ = {
			isa = PBXResourcesBuildPhase;
			buildActionMask = 2147483647;
			files = (
				DBE2D4A026AFD6EF00A6B318 /* LaunchScreen.storyboard in Resources */,
				DBE2D49D26AFD6EF00A6B318 /* Assets.xcassets in Resources */,
				DBE2D49B26AFD6EF00A6B318 /* Main.storyboard in Resources */,
			);
			runOnlyForDeploymentPostprocessing = 0;
		};
/* End PBXResourcesBuildPhase section */

/* Begin PBXSourcesBuildPhase section */
		DBE2D48C26AFD6EF00A6B318 /* Sources */ = {
			isa = PBXSourcesBuildPhase;
			buildActionMask = 2147483647;
			files = (
				DBE2D49826AFD6EF00A6B318 /* ViewController.swift in Sources */,
				DBE2D49426AFD6EF00A6B318 /* AppDelegate.swift in Sources */,
				DBE2D49626AFD6EF00A6B318 /* SceneDelegate.swift in Sources */,
			);
			runOnlyForDeploymentPostprocessing = 0;
		};
/* End PBXSourcesBuildPhase section */

/* Begin PBXVariantGroup section */
		DBE2D49926AFD6EF00A6B318 /* Main.storyboard */ = {
			isa = PBXVariantGroup;
			children = (
				DBE2D49A26AFD6EF00A6B318 /* Base */,
			);
			name = Main.storyboard;
			sourceTree = "<group>";
		};
		DBE2D49E26AFD6EF00A6B318 /* LaunchScreen.storyboard */ = {
			isa = PBXVariantGroup;
			children = (
				DBE2D49F26AFD6EF00A6B318 /* Base */,
			);
			name = LaunchScreen.storyboard;
			sourceTree = "<group>";
		};
/* End PBXVariantGroup section */

/* Begin XCBuildConfiguration section */
		DBE2D4A226AFD6EF00A6B318 /* Debug */ = {
			isa = XCBuildConfiguration;
			buildSettings = {
				ALWAYS_SEARCH_USER_PATHS = NO;
				CLANG_ANALYZER_NONNULL = YES;
				CLANG_ANALYZER_NUMBER_OBJECT_CONVERSION = YES_AGGRESSIVE;
				CLANG_CXX_LANGUAGE_STANDARD = "gnu++14";
				CLANG_CXX_LIBRARY = "libc++";
				CLANG_ENABLE_MODULES = YES;
				CLANG_ENABLE_OBJC_ARC = YES;
				CLANG_ENABLE_OBJC_WEAK = YES;
				CLANG_WARN_BLOCK_CAPTURE_AUTORELEASING = YES;
				CLANG_WARN_BOOL_CONVERSION = YES;
				CLANG_WARN_COMMA = YES;
				CLANG_WARN_CONSTANT_CONVERSION = YES;
				CLANG_WARN_DEPRECATED_OBJC_IMPLEMENTATIONS = YES;
				CLANG_WARN_DIRECT_OBJC_ISA_USAGE = YES_ERROR;
				CLANG_WARN_DOCUMENTATION_COMMENTS = YES;
				CLANG_WARN_EMPTY_BODY = YES;
				CLANG_WARN_ENUM_CONVERSION = YES;
				CLANG_WARN_INFINITE_RECURSION = YES;
				CLANG_WARN_INT_CONVERSION = YES;
				CLANG_WARN_NON_LITERAL_NULL_CONVERSION = YES;
				CLANG_WARN_OBJC_IMPLICIT_RETAIN_SELF = YES;
				CLANG_WARN_OBJC_LITERAL_CONVERSION = YES;
				CLANG_WARN_OBJC_ROOT_CLASS = YES_ERROR;
				CLANG_WARN_QUOTED_INCLUDE_IN_FRAMEWORK_HEADER = YES;
				CLANG_WARN_RANGE_LOOP_ANALYSIS = YES;
				CLANG_WARN_STRICT_PROTOTYPES = YES;
				CLANG_WARN_SUSPICIOUS_MOVE = YES;
				CLANG_WARN_UNGUARDED_AVAILABILITY = YES_AGGRESSIVE;
				CLANG_WARN_UNREACHABLE_CODE = YES;
				CLANG_WARN__DUPLICATE_METHOD_MATCH = YES;
				COPY_PHASE_STRIP = NO;
				DEBUG_INFORMATION_FORMAT = dwarf;
				ENABLE_STRICT_OBJC_MSGSEND = YES;
				ENABLE_TESTABILITY = YES;
				GCC_C_LANGUAGE_STANDARD = gnu11;
				GCC_DYNAMIC_NO_PIC = NO;
				GCC_NO_COMMON_BLOCKS = YES;
				GCC_OPTIMIZATION_LEVEL = 0;
				GCC_PREPROCESSOR_DEFINITIONS = (
					"DEBUG=1",
					"$(inherited)",
				);
				GCC_WARN_64_TO_32_BIT_CONVERSION = YES;
				GCC_WARN_ABOUT_RETURN_TYPE = YES_ERROR;
				GCC_WARN_UNDECLARED_SELECTOR = YES;
				GCC_WARN_UNINITIALIZED_AUTOS = YES_AGGRESSIVE;
				GCC_WARN_UNUSED_FUNCTION = YES;
				GCC_WARN_UNUSED_VARIABLE = YES;
				IPHONEOS_DEPLOYMENT_TARGET = 14.5;
				MTL_ENABLE_DEBUG_INFO = INCLUDE_SOURCE;
				MTL_FAST_MATH = YES;
				ONLY_ACTIVE_ARCH = YES;
				SDKROOT = iphoneos;
				SWIFT_ACTIVE_COMPILATION_CONDITIONS = DEBUG;
				SWIFT_OPTIMIZATION_LEVEL = "-Onone";
			};
			name = Debug;
		};
		DBE2D4A326AFD6EF00A6B318 /* Release */ = {
			isa = XCBuildConfiguration;
			buildSettings = {
				ALWAYS_SEARCH_USER_PATHS = NO;
				CLANG_ANALYZER_NONNULL = YES;
				CLANG_ANALYZER_NUMBER_OBJECT_CONVERSION = YES_AGGRESSIVE;
				CLANG_CXX_LANGUAGE_STANDARD = "gnu++14";
				CLANG_CXX_LIBRARY = "libc++";
				CLANG_ENABLE_MODULES = YES;
				CLANG_ENABLE_OBJC_ARC = YES;
				CLANG_ENABLE_OBJC_WEAK = YES;
				CLANG_WARN_BLOCK_CAPTURE_AUTORELEASING = YES;
				CLANG_WARN_BOOL_CONVERSION = YES;
				CLANG_WARN_COMMA = YES;
				CLANG_WARN_CONSTANT_CONVERSION = YES;
				CLANG_WARN_DEPRECATED_OBJC_IMPLEMENTATIONS = YES;
				CLANG_WARN_DIRECT_OBJC_ISA_USAGE = YES_ERROR;
				CLANG_WARN_DOCUMENTATION_COMMENTS = YES;
				CLANG_WARN_EMPTY_BODY = YES;
				CLANG_WARN_ENUM_CONVERSION = YES;
				CLANG_WARN_INFINITE_RECURSION = YES;
				CLANG_WARN_INT_CONVERSION = YES;
				CLANG_WARN_NON_LITERAL_NULL_CONVERSION = YES;
				CLANG_WARN_OBJC_IMPLICIT_RETAIN_SELF = YES;
				CLANG_WARN_OBJC_LITERAL_CONVERSION = YES;
				CLANG_WARN_OBJC_ROOT_CLASS = YES_ERROR;
				CLANG_WARN_QUOTED_INCLUDE_IN_FRAMEWORK_HEADER = YES;
				CLANG_WARN_RANGE_LOOP_ANALYSIS = YES;
				CLANG_WARN_STRICT_PROTOTYPES = YES;
				CLANG_WARN_SUSPICIOUS_MOVE = YES;
				CLANG_WARN_UNGUARDED_AVAILABILITY = YES_AGGRESSIVE;
				CLANG_WARN_UNREACHABLE_CODE = YES;
				CLANG_WARN__DUPLICATE_METHOD_MATCH = YES;
				COPY_PHASE_STRIP = NO;
				DEBUG_INFORMATION_FORMAT = "dwarf-with-dsym";
				ENABLE_NS_ASSERTIONS = NO;
				ENABLE_STRICT_OBJC_MSGSEND = YES;
				GCC_C_LANGUAGE_STANDARD = gnu11;
				GCC_NO_COMMON_BLOCKS = YES;
				GCC_WARN_64_TO_32_BIT_CONVERSION = YES;
				GCC_WARN_ABOUT_RETURN_TYPE = YES_ERROR;
				GCC_WARN_UNDECLARED_SELECTOR = YES;
				GCC_WARN_UNINITIALIZED_AUTOS = YES_AGGRESSIVE;
				GCC_WARN_UNUSED_FUNCTION = YES;
				GCC_WARN_UNUSED_VARIABLE = YES;
				IPHONEOS_DEPLOYMENT_TARGET = 14.5;
				MTL_ENABLE_DEBUG_INFO = NO;
				MTL_FAST_MATH = YES;
				SDKROOT = iphoneos;
				SWIFT_COMPILATION_MODE = wholemodule;
				SWIFT_OPTIMIZATION_LEVEL = "-O";
				VALIDATE_PRODUCT = YES;
			};
			name = Release;
		};
		DBE2D4A526AFD6EF00A6B318 /* Debug */ = {
			isa = XCBuildConfiguration;
			buildSettings = {
				ASSETCATALOG_COMPILER_APPICON_NAME = AppIcon;
				ASSETCATALOG_COMPILER_GLOBAL_ACCENT_COLOR_NAME = AccentColor;
				CODE_SIGN_STYLE = Automatic;
				DEVELOPMENT_TEAM = 64B5V25MH2;
				INFOPLIST_FILE = swiftjoys/Info.plist;
				LD_RUNPATH_SEARCH_PATHS = (
					"$(inherited)",
					"@executable_path/Frameworks",
				);
				PRODUCT_BUNDLE_IDENTIFIER = com.JyHiting.swiftjoys;
				PRODUCT_NAME = "$(TARGET_NAME)";
				SWIFT_VERSION = 5.0;
				TARGETED_DEVICE_FAMILY = "1,2";
			};
			name = Debug;
		};
		DBE2D4A626AFD6EF00A6B318 /* Release */ = {
			isa = XCBuildConfiguration;
			buildSettings = {
				ASSETCATALOG_COMPILER_APPICON_NAME = AppIcon;
				ASSETCATALOG_COMPILER_GLOBAL_ACCENT_COLOR_NAME = AccentColor;
				CODE_SIGN_STYLE = Automatic;
				DEVELOPMENT_TEAM = 64B5V25MH2;
				INFOPLIST_FILE = swiftjoys/Info.plist;
				LD_RUNPATH_SEARCH_PATHS = (
					"$(inherited)",
					"@executable_path/Frameworks",
				);
				PRODUCT_BUNDLE_IDENTIFIER = com.JyHiting.swiftjoys;
				PRODUCT_NAME = "$(TARGET_NAME)";
				SWIFT_VERSION = 5.0;
				TARGETED_DEVICE_FAMILY = "1,2";
			};
			name = Release;
		};
/* End XCBuildConfiguration section */

/* Begin XCConfigurationList section */
		DBE2D48B26AFD6EF00A6B318 /* Build configuration list for PBXProject "swiftjoys" */ = {
			isa = XCConfigurationList;
			buildConfigurations = (
				DBE2D4A226AFD6EF00A6B318 /* Debug */,
				DBE2D4A326AFD6EF00A6B318 /* Release */,
			);
			defaultConfigurationIsVisible = 0;
			defaultConfigurationName = Release;
		};
		DBE2D4A426AFD6EF00A6B318 /* Build configuration list for PBXNativeTarget "swiftjoys" */ = {
			isa = XCConfigurationList;
			buildConfigurations = (
				DBE2D4A526AFD6EF00A6B318 /* Debug */,
				DBE2D4A626AFD6EF00A6B318 /* Release */,
			);
			defaultConfigurationIsVisible = 0;
			defaultConfigurationName = Release;
		};
/* End XCConfigurationList section */
	};
	rootObject = DBE2D48826AFD6EF00A6B318 /* Project object */;
}
